
Microsoft Visual Studio Solution File, Format Version 12.00
# Visual Studio 15
VisualStudioVersion = 15.0.27130.2027
MinimumVisualStudioVersion = 10.0.40219.1
Project("{8BC9CEB8-8B4A-11D0-8D11-00A0C91BC942}") = "MineSweeperHack", "MineSweeperHack\MineSweeperHack.vcxproj", "{AE71628A-56FE-48DD-AD05-3A367D1F52E1}"
EndProject
Global
	GlobalSection(SolutionConfigurationPlatforms) = preSolution
		Debug|x64 = Debug|x64
		Debug|x86 = Debug|x86
		Release|x64 = Release|x64
		Release|x86 = Release|x86
	EndGlobalSection
	GlobalSection(ProjectConfigurationPlatforms) = postSolution
		{AE71628A-56FE-48DD-AD05-3A367D1F52E1}.Debug|x64.ActiveCfg = Debug|x64
		{AE71628A-56FE-48DD-AD05-3A367D1F52E1}.Debug|x64.Build.0 = Debug|x64
		{AE71628A-56FE-48DD-AD05-3A367D1F52E1}.Debug|x86.ActiveCfg = Debug|Win32
		{AE71628A-56FE-48DD-AD05-3A367D1F52E1}.Debug|x86.Build.0 = Debug|Win32
		{AE71628A-56FE-48DD-AD05-3A367D1F52E1}.Release|x64.ActiveCfg = Release|x64
		{AE71628A-56FE-48DD-AD05-3A367D1F52E1}.Release|x64.Build.0 = Release|x64
		{AE71628A-56FE-48DD-AD05-3A367D1F52E1}.Release|x86.ActiveCfg = Release|Win32
		{AE71628A-56FE-48DD-AD05-3A367D1F52E1}.Release|x86.Build.0 = Release|Win32
	EndGlobalSection
	GlobalSection(SolutionProperties) = preSolution
		HideSolutionNode = FALSE
	EndGlobalSection
	GlobalSection(ExtensibilityGlobals) = postSolution
		SolutionGuid = {A026A4E4-4B48-4977-B831-A131F4DC688C}
	EndGlobalSection
EndGlobal
